
Microsoft Visual Studio Solution File, Format Version 12.00
# Visual Studio Version 17
VisualStudioVersion = 17.10.34916.146
MinimumVisualStudioVersion = 10.0.40219.1
Project("{FAE04EC0-301F-11D3-BF4B-00C04F79EFBC}") = "StardewTestMod1", "StardewTestMod1\StardewTestMod1.csproj", "{D1FB0F3F-B78E-45D3-A6CA-E3A78E0C7B76}"
EndProject
Global
	GlobalSection(SolutionConfigurationPlatforms) = preSolution
		Debug|Any CPU = Debug|Any CPU
		Release|Any CPU = Release|Any CPU
	EndGlobalSection
	GlobalSection(ProjectConfigurationPlatforms) = postSolution
		{D1FB0F3F-B78E-45D3-A6CA-E3A78E0C7B76}.Debug|Any CPU.ActiveCfg = Debug|Any CPU
		{D1FB0F3F-B78E-45D3-A6CA-E3A78E0C7B76}.Debug|Any CPU.Build.0 = Debug|Any CPU
		{D1FB0F3F-B78E-45D3-A6CA-E3A78E0C7B76}.Release|Any CPU.ActiveCfg = Release|Any CPU
		{D1FB0F3F-B78E-45D3-A6CA-E3A78E0C7B76}.Release|Any CPU.Build.0 = Release|Any CPU
	EndGlobalSection
	GlobalSection(SolutionProperties) = preSolution
		HideSolutionNode = FALSE
	EndGlobalSection
	GlobalSection(ExtensibilityGlobals) = postSolution
		SolutionGuid = {633F45A1-FF03-459F-BF9E-252980566340}
	EndGlobalSection
EndGlobal
